
Microsoft Visual Studio Solution File, Format Version 12.00
# Visual Studio Version 16
VisualStudioVersion = 16.0.31129.286
MinimumVisualStudioVersion = 10.0.40219.1
Project("{9A19103F-16F7-4668-BE54-9A1E7A4F7556}") = "ChustaSoft.Releasy", "ChustaSoft.Releasy\ChustaSoft.Releasy.csproj", "{B56705E5-8C8F-4F86-874A-E463CB95EC64}"
EndProject
Project("{9A19103F-16F7-4668-BE54-9A1E7A4F7556}") = "ChustaSoft.Releasy.FileParser", "ChustaSoft.Releasy.FileParser\ChustaSoft.Releasy.FileParser.csproj", "{917B75A6-5863-4A2B-B1C0-3158F7886BFF}"
EndProject
Project("{9A19103F-16F7-4668-BE54-9A1E7A4F7556}") = "ChustaSoft.Releasy.AspNet", "ChustaSoft.Releasy.AspNet\ChustaSoft.Releasy.AspNet.csproj", "{B8D2E9A0-2208-4725-A227-A64FD6645827}"
EndProject
Project("{2150E333-8FDC-42A3-9474-1A3956D46DE8}") = "1. NuGet", "1. NuGet", "{C8E2D7AF-F48E-4D57-B850-EA64524F0350}"
EndProject
Project("{2150E333-8FDC-42A3-9474-1A3956D46DE8}") = "3. Testing", "3. Testing", "{CF7B1FB3-E502-421E-8D83-E7EF4B63CB4C}"
EndProject
Project("{2150E333-8FDC-42A3-9474-1A3956D46DE8}") = "4. Examples", "4. Examples", "{9FFD6488-B580-438B-A6CA-EC314E121CB4}"
EndProject
Project("{9A19103F-16F7-4668-BE54-9A1E7A4F7556}") = "ChustaSoft.Releasy.FileParser.Tests", "ChustaSoft.Releasy.FileParser.Tests\ChustaSoft.Releasy.FileParser.Tests.csproj", "{FAAC6678-263A-4FF0-BF12-D75E955287C0}"
EndProject
Project("{2150E333-8FDC-42A3-9474-1A3956D46DE8}") = "2. npm", "2. npm", "{ECEC29AD-50F2-4D0A-A0EA-33A3C6E737CB}"
EndProject
Project("{9092AA53-FB77-4645-B42D-1CCCA6BD08BD}") = "cs-releasy-connector", "cs-releasy-connector\cs-releasy-connector.njsproj", "{D7ECFEC1-0276-4C46-B7BB-3DBAE3182EBC}"
EndProject
Project("{FAE04EC0-301F-11D3-BF4B-00C04F79EFBC}") = "ChustaSoft.Releasy.AspNetAngularExample", "ChustaSoft.Releasy.AspNetAngularExample\ChustaSoft.Releasy.AspNetAngularExample.csproj", "{FE4C7B52-B391-4025-98FD-47459AA60CB6}"
EndProject
Global
	GlobalSection(SolutionConfigurationPlatforms) = preSolution
		Debug|Any CPU = Debug|Any CPU
		Release|Any CPU = Release|Any CPU
	EndGlobalSection
	GlobalSection(ProjectConfigurationPlatforms) = postSolution
		{B56705E5-8C8F-4F86-874A-E463CB95EC64}.Debug|Any CPU.ActiveCfg = Debug|Any CPU
		{B56705E5-8C8F-4F86-874A-E463CB95EC64}.Debug|Any CPU.Build.0 = Debug|Any CPU
		{B56705E5-8C8F-4F86-874A-E463CB95EC64}.Release|Any CPU.ActiveCfg = Release|Any CPU
		{B56705E5-8C8F-4F86-874A-E463CB95EC64}.Release|Any CPU.Build.0 = Release|Any CPU
		{917B75A6-5863-4A2B-B1C0-3158F7886BFF}.Debug|Any CPU.ActiveCfg = Debug|Any CPU
		{917B75A6-5863-4A2B-B1C0-3158F7886BFF}.Debug|Any CPU.Build.0 = Debug|Any CPU
		{917B75A6-5863-4A2B-B1C0-3158F7886BFF}.Release|Any CPU.ActiveCfg = Release|Any CPU
		{917B75A6-5863-4A2B-B1C0-3158F7886BFF}.Release|Any CPU.Build.0 = Release|Any CPU
		{B8D2E9A0-2208-4725-A227-A64FD6645827}.Debug|Any CPU.ActiveCfg = Debug|Any CPU
		{B8D2E9A0-2208-4725-A227-A64FD6645827}.Debug|Any CPU.Build.0 = Debug|Any CPU
		{B8D2E9A0-2208-4725-A227-A64FD6645827}.Release|Any CPU.ActiveCfg = Release|Any CPU
		{B8D2E9A0-2208-4725-A227-A64FD6645827}.Release|Any CPU.Build.0 = Release|Any CPU
		{FAAC6678-263A-4FF0-BF12-D75E955287C0}.Debug|Any CPU.ActiveCfg = Debug|Any CPU
		{FAAC6678-263A-4FF0-BF12-D75E955287C0}.Debug|Any CPU.Build.0 = Debug|Any CPU
		{FAAC6678-263A-4FF0-BF12-D75E955287C0}.Release|Any CPU.ActiveCfg = Release|Any CPU
		{FAAC6678-263A-4FF0-BF12-D75E955287C0}.Release|Any CPU.Build.0 = Release|Any CPU
		{D7ECFEC1-0276-4C46-B7BB-3DBAE3182EBC}.Debug|Any CPU.ActiveCfg = Debug|Any CPU
		{D7ECFEC1-0276-4C46-B7BB-3DBAE3182EBC}.Debug|Any CPU.Build.0 = Debug|Any CPU
		{D7ECFEC1-0276-4C46-B7BB-3DBAE3182EBC}.Release|Any CPU.ActiveCfg = Release|Any CPU
		{D7ECFEC1-0276-4C46-B7BB-3DBAE3182EBC}.Release|Any CPU.Build.0 = Release|Any CPU
		{FE4C7B52-B391-4025-98FD-47459AA60CB6}.Debug|Any CPU.ActiveCfg = Debug|Any CPU
		{FE4C7B52-B391-4025-98FD-47459AA60CB6}.Debug|Any CPU.Build.0 = Debug|Any CPU
		{FE4C7B52-B391-4025-98FD-47459AA60CB6}.Release|Any CPU.ActiveCfg = Release|Any CPU
		{FE4C7B52-B391-4025-98FD-47459AA60CB6}.Release|Any CPU.Build.0 = Release|Any CPU
	EndGlobalSection
	GlobalSection(SolutionProperties) = preSolution
		HideSolutionNode = FALSE
	EndGlobalSection
	GlobalSection(NestedProjects) = preSolution
		{B56705E5-8C8F-4F86-874A-E463CB95EC64} = {C8E2D7AF-F48E-4D57-B850-EA64524F0350}
		{917B75A6-5863-4A2B-B1C0-3158F7886BFF} = {C8E2D7AF-F48E-4D57-B850-EA64524F0350}
		{B8D2E9A0-2208-4725-A227-A64FD6645827} = {C8E2D7AF-F48E-4D57-B850-EA64524F0350}
		{FAAC6678-263A-4FF0-BF12-D75E955287C0} = {CF7B1FB3-E502-421E-8D83-E7EF4B63CB4C}
		{D7ECFEC1-0276-4C46-B7BB-3DBAE3182EBC} = {ECEC29AD-50F2-4D0A-A0EA-33A3C6E737CB}
		{FE4C7B52-B391-4025-98FD-47459AA60CB6} = {9FFD6488-B580-438B-A6CA-EC314E121CB4}
	EndGlobalSection
	GlobalSection(ExtensibilityGlobals) = postSolution
		SolutionGuid = {6F910FF8-4AE7-41D2-AEF8-00B747B0BD96}
	EndGlobalSection
EndGlobal
