{
  "name": "@chustasoft/cs-releasy-connector",
  "version": "1.0.0",
  "lockfileVersion": 1,
  "requires": true,
  "dependencies": {
    "@chustasoft/cs-common": {
      "version": "1.2.0-beta.2",
      "resolved": "https://registry.npmjs.org/@chustasoft/cs-common/-/cs-common-1.2.0-beta.2.tgz",
      "integrity": "sha512-QrX4MNPJvvEt+ZFKj4t6d+6bnb/sstdeTWdGZO2v1lvS6Y++GpqtyHpwHy6QzFCY6Uof9KIArrDJ8jwjqDx5pw=="
    }
  }
}
