{
  "name": "@chustasoft/cs-releasy-connector",
  "version": "1.0.0-beta.1",
  "lockfileVersion": 1,
  "requires": true,
  "dependencies": {
    "@chustasoft/cs-common": {
      "version": "1.2.0-beta.3",
      "resolved": "https://registry.npmjs.org/@chustasoft/cs-common/-/cs-common-1.2.0-beta.3.tgz",
      "integrity": "sha512-fyHYhQtqQmei/qLlC0tDLJlmCSVvBgs1MU/lY0HwsBjweNld6Zc9LsvjZ4FGV1Qg8s6965upt/j4WCVyQFH44g=="
    }
  }
}
