
Microsoft Visual Studio Solution File, Format Version 12.00
# Visual Studio Version 16
VisualStudioVersion = 16.0.31129.286
MinimumVisualStudioVersion = 10.0.40219.1
Project("{9A19103F-16F7-4668-BE54-9A1E7A4F7556}") = "ChustaSoft.Releasy.AspNetAngularExample", "ChustaSoft.Releasy.AspNetAngularExample\ChustaSoft.Releasy.AspNetAngularExample.csproj", "{FE4C7B52-B391-4025-98FD-47459AA60CB6}"
EndProject
Project("{2150E333-8FDC-42A3-9474-1A3956D46DE8}") = "Packages", "Packages", "{E328BA94-A091-4E1A-997D-3ED794A52F73}"
EndProject
Project("{9A19103F-16F7-4668-BE54-9A1E7A4F7556}") = "ChustaSoft.Releasy.FileParser", "..\NuGet\ChustaSoft.Releasy.FileParser\ChustaSoft.Releasy.FileParser.csproj", "{7C160340-1EFC-448D-BB56-9AF70D4314CC}"
EndProject
Project("{9A19103F-16F7-4668-BE54-9A1E7A4F7556}") = "ChustaSoft.Releasy", "..\NuGet\ChustaSoft.Releasy\ChustaSoft.Releasy.csproj", "{78BB7637-E71C-44EB-8E8E-5C5B7C237784}"
EndProject
Project("{9A19103F-16F7-4668-BE54-9A1E7A4F7556}") = "ChustaSoft.Releasy.AspNet", "..\NuGet\ChustaSoft.Releasy.AspNet\ChustaSoft.Releasy.AspNet.csproj", "{B5C96BE7-E9A0-4FE3-8900-BB3D50980ED0}"
EndProject
Global
	GlobalSection(SolutionConfigurationPlatforms) = preSolution
		Debug|Any CPU = Debug|Any CPU
		Release|Any CPU = Release|Any CPU
	EndGlobalSection
	GlobalSection(ProjectConfigurationPlatforms) = postSolution
		{FE4C7B52-B391-4025-98FD-47459AA60CB6}.Debug|Any CPU.ActiveCfg = Debug|Any CPU
		{FE4C7B52-B391-4025-98FD-47459AA60CB6}.Debug|Any CPU.Build.0 = Debug|Any CPU
		{FE4C7B52-B391-4025-98FD-47459AA60CB6}.Release|Any CPU.ActiveCfg = Release|Any CPU
		{FE4C7B52-B391-4025-98FD-47459AA60CB6}.Release|Any CPU.Build.0 = Release|Any CPU
		{7C160340-1EFC-448D-BB56-9AF70D4314CC}.Debug|Any CPU.ActiveCfg = Debug|Any CPU
		{7C160340-1EFC-448D-BB56-9AF70D4314CC}.Debug|Any CPU.Build.0 = Debug|Any CPU
		{7C160340-1EFC-448D-BB56-9AF70D4314CC}.Release|Any CPU.ActiveCfg = Release|Any CPU
		{7C160340-1EFC-448D-BB56-9AF70D4314CC}.Release|Any CPU.Build.0 = Release|Any CPU
		{78BB7637-E71C-44EB-8E8E-5C5B7C237784}.Debug|Any CPU.ActiveCfg = Debug|Any CPU
		{78BB7637-E71C-44EB-8E8E-5C5B7C237784}.Debug|Any CPU.Build.0 = Debug|Any CPU
		{78BB7637-E71C-44EB-8E8E-5C5B7C237784}.Release|Any CPU.ActiveCfg = Release|Any CPU
		{78BB7637-E71C-44EB-8E8E-5C5B7C237784}.Release|Any CPU.Build.0 = Release|Any CPU
		{B5C96BE7-E9A0-4FE3-8900-BB3D50980ED0}.Debug|Any CPU.ActiveCfg = Debug|Any CPU
		{B5C96BE7-E9A0-4FE3-8900-BB3D50980ED0}.Debug|Any CPU.Build.0 = Debug|Any CPU
		{B5C96BE7-E9A0-4FE3-8900-BB3D50980ED0}.Release|Any CPU.ActiveCfg = Release|Any CPU
		{B5C96BE7-E9A0-4FE3-8900-BB3D50980ED0}.Release|Any CPU.Build.0 = Release|Any CPU
	EndGlobalSection
	GlobalSection(SolutionProperties) = preSolution
		HideSolutionNode = FALSE
	EndGlobalSection
	GlobalSection(NestedProjects) = preSolution
		{7C160340-1EFC-448D-BB56-9AF70D4314CC} = {E328BA94-A091-4E1A-997D-3ED794A52F73}
		{78BB7637-E71C-44EB-8E8E-5C5B7C237784} = {E328BA94-A091-4E1A-997D-3ED794A52F73}
		{B5C96BE7-E9A0-4FE3-8900-BB3D50980ED0} = {E328BA94-A091-4E1A-997D-3ED794A52F73}
	EndGlobalSection
	GlobalSection(ExtensibilityGlobals) = postSolution
		SolutionGuid = {6F910FF8-4AE7-41D2-AEF8-00B747B0BD96}
	EndGlobalSection
EndGlobal
